
Microsoft Visual Studio Solution File, Format Version 12.00
# Visual Studio Version 16
VisualStudioVersion = 16.0.33214.272
MinimumVisualStudioVersion = 10.0.40219.1
Project("{FAE04EC0-301F-11D3-BF4B-00C04F79EFBC}") = "CRUD_Application", "CRUD_Application.csproj", "{6A9F0957-A7F3-40EF-93D7-527D60406310}"
EndProject
Global
	GlobalSection(SolutionConfigurationPlatforms) = preSolution
		Debug|Any CPU = Debug|Any CPU
		Release|Any CPU = Release|Any CPU
	EndGlobalSection
	GlobalSection(ProjectConfigurationPlatforms) = postSolution
		{6A9F0957-A7F3-40EF-93D7-527D60406310}.Debug|Any CPU.ActiveCfg = Debug|Any CPU
		{6A9F0957-A7F3-40EF-93D7-527D60406310}.Debug|Any CPU.Build.0 = Debug|Any CPU
		{6A9F0957-A7F3-40EF-93D7-527D60406310}.Release|Any CPU.ActiveCfg = Release|Any CPU
		{6A9F0957-A7F3-40EF-93D7-527D60406310}.Release|Any CPU.Build.0 = Release|Any CPU
	EndGlobalSection
	GlobalSection(SolutionProperties) = preSolution
		HideSolutionNode = FALSE
	EndGlobalSection
	GlobalSection(ExtensibilityGlobals) = postSolution
		SolutionGuid = {042B7113-5C3B-497C-B276-9EE1A5EC0CE0}
	EndGlobalSection
EndGlobal
